
Microsoft Visual Studio Solution File, Format Version 12.00
# Visual Studio 15
VisualStudioVersion = 15.0.28307.136
MinimumVisualStudioVersion = 10.0.40219.1
Project("{9A19103F-16F7-4668-BE54-9A1E7A4F7556}") = "Rx_console_app", "Rx_console_app\Rx_console_app.csproj", "{1D45132C-6A45-4572-9E0C-7ABCA408BC31}"
EndProject
Project("{9A19103F-16F7-4668-BE54-9A1E7A4F7556}") = "FundamentalSequenceOperators", "FundamentalSequenceOperators\FundamentalSequenceOperators.csproj", "{1A6EFD40-5D98-469A-8489-CA29B829F27E}"
EndProject
Project("{FAE04EC0-301F-11D3-BF4B-00C04F79EFBC}") = "AdvancedSequenceOperators", "AdvancedSequenceOperators\AdvancedSequenceOperators.csproj", "{59EAFDB5-F3C9-4DBD-8B4C-1D9A45853A32}"
EndProject
Global
	GlobalSection(SolutionConfigurationPlatforms) = preSolution
		Debug|Any CPU = Debug|Any CPU
		Release|Any CPU = Release|Any CPU
	EndGlobalSection
	GlobalSection(ProjectConfigurationPlatforms) = postSolution
		{1D45132C-6A45-4572-9E0C-7ABCA408BC31}.Debug|Any CPU.ActiveCfg = Debug|Any CPU
		{1D45132C-6A45-4572-9E0C-7ABCA408BC31}.Debug|Any CPU.Build.0 = Debug|Any CPU
		{1D45132C-6A45-4572-9E0C-7ABCA408BC31}.Release|Any CPU.ActiveCfg = Release|Any CPU
		{1D45132C-6A45-4572-9E0C-7ABCA408BC31}.Release|Any CPU.Build.0 = Release|Any CPU
		{1A6EFD40-5D98-469A-8489-CA29B829F27E}.Debug|Any CPU.ActiveCfg = Debug|Any CPU
		{1A6EFD40-5D98-469A-8489-CA29B829F27E}.Debug|Any CPU.Build.0 = Debug|Any CPU
		{1A6EFD40-5D98-469A-8489-CA29B829F27E}.Release|Any CPU.ActiveCfg = Release|Any CPU
		{1A6EFD40-5D98-469A-8489-CA29B829F27E}.Release|Any CPU.Build.0 = Release|Any CPU
		{59EAFDB5-F3C9-4DBD-8B4C-1D9A45853A32}.Debug|Any CPU.ActiveCfg = Debug|Any CPU
		{59EAFDB5-F3C9-4DBD-8B4C-1D9A45853A32}.Debug|Any CPU.Build.0 = Debug|Any CPU
		{59EAFDB5-F3C9-4DBD-8B4C-1D9A45853A32}.Release|Any CPU.ActiveCfg = Release|Any CPU
		{59EAFDB5-F3C9-4DBD-8B4C-1D9A45853A32}.Release|Any CPU.Build.0 = Release|Any CPU
	EndGlobalSection
	GlobalSection(SolutionProperties) = preSolution
		HideSolutionNode = FALSE
	EndGlobalSection
	GlobalSection(ExtensibilityGlobals) = postSolution
		SolutionGuid = {DFF47DC9-D9D0-4211-9CBD-31E186CE45AD}
	EndGlobalSection
EndGlobal
